
Microsoft Visual Studio Solution File, Format Version 12.00
# Visual Studio Version 17
Project("{2150E333-8FDC-42A3-9474-1A3956D46DE8}") = "src", "src", "{3436F77E-A0A0-ABF5-E9DE-5C9B5588894A}"
EndProject
Project("{8BC9CEB8-8B4A-11D0-8D11-00A0C91BC942}") = "Alixer", "src\Alixer\Alixer.vcxproj", "{CA4B5CA7-B6ED-867D-9FA8-9AD18BE90DCE}"
EndProject
Project("{2150E333-8FDC-42A3-9474-1A3956D46DE8}") = "test", "test", "{4C54DE5D-380C-20AB-A113-F9068DEABA9B}"
EndProject
Project("{8BC9CEB8-8B4A-11D0-8D11-00A0C91BC942}") = "AlixerTests", "test\AlixerTests\AlixerTests.vcxproj", "{3D9F1E71-A954-9766-3249-913D9EFD8D6A}"
EndProject
Global
	GlobalSection(SolutionConfigurationPlatforms) = preSolution
		Debug|x64 = Debug|x64
		Dist|x64 = Dist|x64
		Release|x64 = Release|x64
	EndGlobalSection
	GlobalSection(ProjectConfigurationPlatforms) = postSolution
		{CA4B5CA7-B6ED-867D-9FA8-9AD18BE90DCE}.Debug|x64.ActiveCfg = Debug|x64
		{CA4B5CA7-B6ED-867D-9FA8-9AD18BE90DCE}.Debug|x64.Build.0 = Debug|x64
		{CA4B5CA7-B6ED-867D-9FA8-9AD18BE90DCE}.Dist|x64.ActiveCfg = Dist|x64
		{CA4B5CA7-B6ED-867D-9FA8-9AD18BE90DCE}.Dist|x64.Build.0 = Dist|x64
		{CA4B5CA7-B6ED-867D-9FA8-9AD18BE90DCE}.Release|x64.ActiveCfg = Release|x64
		{CA4B5CA7-B6ED-867D-9FA8-9AD18BE90DCE}.Release|x64.Build.0 = Release|x64
		{3D9F1E71-A954-9766-3249-913D9EFD8D6A}.Debug|x64.ActiveCfg = Debug|x64
		{3D9F1E71-A954-9766-3249-913D9EFD8D6A}.Debug|x64.Build.0 = Debug|x64
		{3D9F1E71-A954-9766-3249-913D9EFD8D6A}.Dist|x64.ActiveCfg = Dist|x64
		{3D9F1E71-A954-9766-3249-913D9EFD8D6A}.Dist|x64.Build.0 = Dist|x64
		{3D9F1E71-A954-9766-3249-913D9EFD8D6A}.Release|x64.ActiveCfg = Release|x64
		{3D9F1E71-A954-9766-3249-913D9EFD8D6A}.Release|x64.Build.0 = Release|x64
	EndGlobalSection
	GlobalSection(SolutionProperties) = preSolution
		HideSolutionNode = FALSE
	EndGlobalSection
	GlobalSection(NestedProjects) = preSolution
		{CA4B5CA7-B6ED-867D-9FA8-9AD18BE90DCE} = {3436F77E-A0A0-ABF5-E9DE-5C9B5588894A}
		{3D9F1E71-A954-9766-3249-913D9EFD8D6A} = {4C54DE5D-380C-20AB-A113-F9068DEABA9B}
	EndGlobalSection
EndGlobal
